<?xml version="1.0" encoding="utf-8"?>
<Project ToolsVersion="4.0" xmlns="http://schemas.microsoft.com/developer/msbuild/2003">
  <ItemGroup>
    <Filter Include="Source Files">
      <UniqueIdentifier>{4FC737F1-C7A5-4376-A066-2A32D752A2FF}</UniqueIdentifier>
      <Extensions>cpp;c;cc;cxx;c++;cppm;ixx;def;odl;idl;hpj;bat;asm;asmx</Extensions>
    </Filter>
    <Filter Include="Header Files">
      <UniqueIdentifier>{93995380-89BD-4b04-88EB-625FBE52EBFB}</UniqueIdentifier>
      <Extensions>h;hh;hpp;hxx;h++;hm;inl;inc;ipp;xsd</Extensions>
    </Filter>
    <Filter Include="Resource Files">
      <UniqueIdentifier>{67DA6AB6-F800-4c08-8B7A-83BB121AAD01}</UniqueIdentifier>
      <Extensions>rc;ico;cur;bmp;dlg;rc2;rct;bin;rgs;gif;jpg;jpeg;jpe;resx;tiff;tif;png;wav;mfcribbon-ms</Extensions>
    </Filter>
  </ItemGroup>
  <ItemGroup>
    <ClCompile Include="source\AABB.cpp">
      <Filter>Source Files</Filter>
    </ClCompile>
    <ClCompile Include="source\Enemy.cpp">
      <Filter>Source Files</Filter>
    </ClCompile>
    <ClCompile Include="source\Game.cpp">
      <Filter>Source Files</Filter>
    </ClCompile>
    <ClCompile Include="source\InputManager.cpp">
      <Filter>Source Files</Filter>
    </ClCompile>
    <ClCompile Include="source\LoadLevel.cpp">
      <Filter>Source Files</Filter>
    </ClCompile>
    <ClCompile Include="source\Main.cpp">
      <Filter>Source Files</Filter>
    </ClCompile>
    <ClCompile Include="source\Player.cpp">
      <Filter>Source Files</Filter>
    </ClCompile>
    <ClCompile Include="source\PowerUp.cpp">
      <Filter>Source Files</Filter>
    </ClCompile>
    <ClCompile Include="source\RenderManager.cpp">
      <Filter>Source Files</Filter>
    </ClCompile>
    <ClCompile Include="source\RigidBody.cpp">
      <Filter>Source Files</Filter>
    </ClCompile>
    <ClCompile Include="source\TextRenderer.cpp">
      <Filter>Source Files</Filter>
    </ClCompile>
    <ClCompile Include="source\Gameplay.cpp">
      <Filter>Source Files</Filter>
    </ClCompile>
    <ClCompile Include="source\GameplayStatePaused.cpp">
      <Filter>Source Files</Filter>
    </ClCompile>
    <ClCompile Include="source\GameplayStatePlaying.cpp">
      <Filter>Source Files</Filter>
    </ClCompile>
    <ClCompile Include="source\GameplayStateFinishWave.cpp">
      <Filter>Source Files</Filter>
    </ClCompile>
    <ClCompile Include="source\ScoreManager.cpp">
      <Filter>Source Files</Filter>
    </ClCompile>
    <ClCompile Include="source\LevelManager.cpp">
      <Filter>Source Files</Filter>
    </ClCompile>
  </ItemGroup>
  <ItemGroup>
    <ClInclude Include="source\AABB.h">
      <Filter>Header Files</Filter>
    </ClInclude>
    <ClInclude Include="source\Background.h">
      <Filter>Header Files</Filter>
    </ClInclude>
    <ClInclude Include="source\Beholder.h">
      <Filter>Header Files</Filter>
    </ClInclude>
    <ClInclude Include="source\BioTitan.h">
      <Filter>Header Files</Filter>
    </ClInclude>
    <ClInclude Include="source\Bubbles.h">
      <Filter>Header Files</Filter>
    </ClInclude>
    <ClInclude Include="source\Bullet.h">
      <Filter>Header Files</Filter>
    </ClInclude>
    <ClInclude Include="source\Button.h">
      <Filter>Header Files</Filter>
    </ClInclude>
    <ClInclude Include="source\Chomper.h">
      <Filter>Header Files</Filter>
    </ClInclude>
    <ClInclude Include="source\Circler.h">
      <Filter>Header Files</Filter>
    </ClInclude>
    <ClInclude Include="source\CirclerBody.h">
      <Filter>Header Files</Filter>
    </ClInclude>
    <ClInclude Include="source\Enemy.h">
      <Filter>Header Files</Filter>
    </ClInclude>
    <ClInclude Include="source\EnemyBullet.h">
      <Filter>Header Files</Filter>
    </ClInclude>
    <ClInclude Include="source\Game.h">
      <Filter>Header Files</Filter>
    </ClInclude>
    <ClInclude Include="source\Gameplay.h">
      <Filter>Header Files</Filter>
    </ClInclude>
    <ClInclude Include="source\Hmedusa.h">
      <Filter>Header Files</Filter>
    </ClInclude>
    <ClInclude Include="source\IAttacker.h">
      <Filter>Header Files</Filter>
    </ClInclude>
    <ClInclude Include="source\IDamageable.h">
      <Filter>Header Files</Filter>
    </ClInclude>
    <ClInclude Include="source\ImageObject.h">
      <Filter>Header Files</Filter>
    </ClInclude>
    <ClInclude Include="source\ImageRenderer.h">
      <Filter>Header Files</Filter>
    </ClInclude>
    <ClInclude Include="source\InputManager.h">
      <Filter>Header Files</Filter>
    </ClInclude>
    <ClInclude Include="source\KillerWhale.h">
      <Filter>Header Files</Filter>
    </ClInclude>
    <ClInclude Include="source\LoadLevel.h">
      <Filter>Header Files</Filter>
    </ClInclude>
    <ClInclude Include="source\MainMenu.h">
      <Filter>Header Files</Filter>
    </ClInclude>
    <ClInclude Include="source\Object.h">
      <Filter>Header Files</Filter>
    </ClInclude>
    <ClInclude Include="source\Player.h">
      <Filter>Header Files</Filter>
    </ClInclude>
    <ClInclude Include="source\PowerUp.h">
      <Filter>Header Files</Filter>
    </ClInclude>
    <ClInclude Include="source\Renderer.h">
      <Filter>Header Files</Filter>
    </ClInclude>
    <ClInclude Include="source\RenderManager.h">
      <Filter>Header Files</Filter>
    </ClInclude>
    <ClInclude Include="source\RigidBody.h">
      <Filter>Header Files</Filter>
    </ClInclude>
    <ClInclude Include="source\Scene.h">
      <Filter>Header Files</Filter>
    </ClInclude>
    <ClInclude Include="source\SceneManager.h">
      <Filter>Header Files</Filter>
    </ClInclude>
    <ClInclude Include="source\Spawner.h">
      <Filter>Header Files</Filter>
    </ClInclude>
    <ClInclude Include="source\SplashScreen.h">
      <Filter>Header Files</Filter>
    </ClInclude>
    <ClInclude Include="source\TextObject.h">
      <Filter>Header Files</Filter>
    </ClInclude>
    <ClInclude Include="source\TextRenderer.h">
      <Filter>Header Files</Filter>
    </ClInclude>
    <ClInclude Include="source\TimeManager.h">
      <Filter>Header Files</Filter>
    </ClInclude>
    <ClInclude Include="source\Transform.h">
      <Filter>Header Files</Filter>
    </ClInclude>
    <ClInclude Include="source\Vector2.h">
      <Filter>Header Files</Filter>
    </ClInclude>
    <ClInclude Include="source\Vmedusa.h">
      <Filter>Header Files</Filter>
    </ClInclude>
    <ClInclude Include="source\PlayerBullet.h">
      <Filter>Header Files</Filter>
    </ClInclude>
    <ClInclude Include="source\ScoreManager.h">
      <Filter>Header Files</Filter>
    </ClInclude>
    <ClInclude Include="source\LevelSelector.h">
      <Filter>Header Files</Filter>
    </ClInclude>
    <ClInclude Include="source\WeaponComponent.h">
      <Filter>Header Files</Filter>
    </ClInclude>
    <ClInclude Include="source\CannonWeapon.h">
      <Filter>Header Files</Filter>
    </ClInclude>
    <ClInclude Include="source\LaserWeapon.h">
      <Filter>Header Files</Filter>
    </ClInclude>
    <ClInclude Include="source\TurretWeapon.h">
      <Filter>Header Files</Filter>
    </ClInclude>
    <ClInclude Include="source\WeaponManager.h">
      <Filter>Header Files</Filter>
    </ClInclude>
    <ClInclude Include="source\EnemyMovement.h">
      <Filter>Header Files</Filter>
    </ClInclude>
    <ClInclude Include="source\CirclerMovement.h">
      <Filter>Header Files</Filter>
    </ClInclude>
    <ClInclude Include="source\TargetMovement.h">
      <Filter>Header Files</Filter>
    </ClInclude>
    <ClInclude Include="source\LeftLinearMovement.h">
      <Filter>Header Files</Filter>
    </ClInclude>
    <ClInclude Include="source\ChaseMovement.h">
      <Filter>Header Files</Filter>
    </ClInclude>
    <ClInclude Include="source\EscapeMovement.h">
      <Filter>Header Files</Filter>
    </ClInclude>
    <ClInclude Include="source\VerticalLinearMovement.h">
      <Filter>Header Files</Filter>
    </ClInclude>
    <ClInclude Include="source\IdleMovement.h">
      <Filter>Header Files</Filter>
    </ClInclude>
    <ClInclude Include="source\DownLinearMovement.h">
      <Filter>Header Files</Filter>
    </ClInclude>
    <ClInclude Include="source\Missile.h">
      <Filter>Header Files</Filter>
    </ClInclude>
    <ClInclude Include="source\Nuke.h">
      <Filter>Header Files</Filter>
    </ClInclude>
    <ClInclude Include="source\RightLinearMovement.h">
      <Filter>Header Files</Filter>
    </ClInclude>
    <ClInclude Include="source\ShootMovement.h">
      <Filter>Header Files</Filter>
    </ClInclude>
    <ClInclude Include="source\Torpedo.h">
      <Filter>Header Files</Filter>
    </ClInclude>
    <ClInclude Include="source\UpLinearMovement.h">
      <Filter>Header Files</Filter>
    </ClInclude>
    <ClInclude Include="source\Ufo.h">
      <Filter>Header Files</Filter>
    </ClInclude>
    <ClInclude Include="source\Angrygons.h">
      <Filter>Header Files</Filter>
    </ClInclude>
    <ClInclude Include="source\Annoyer.h">
      <Filter>Header Files</Filter>
    </ClInclude>
    <ClInclude Include="source\ChomperMovement.h">
      <Filter>Header Files</Filter>
    </ClInclude>
    <ClInclude Include="source\Daniels.h">
      <Filter>Header Files</Filter>
    </ClInclude>
    <ClInclude Include="source\RoboKrabs.h">
      <Filter>Header Files</Filter>
    </ClInclude>
    <ClInclude Include="source\RoboKrabsMovement.h">
      <Filter>Header Files</Filter>
    </ClInclude>
    <ClInclude Include="source\TurboChainsaw.h">
      <Filter>Header Files</Filter>
    </ClInclude>
    <ClInclude Include="source\DiagonalMovement.h">
      <Filter>Header Files</Filter>
    </ClInclude>
    <ClInclude Include="source\CirclePartialMovement.h">
      <Filter>Header Files</Filter>
    </ClInclude>
    <ClInclude Include="source\SpaceBoss.h">
      <Filter>Header Files</Filter>
    </ClInclude>
    <ClInclude Include="source\GameplayStateBase.h">
      <Filter>Header Files</Filter>
    </ClInclude>
    <ClInclude Include="source\GameplayStateDeath.h">
      <Filter>Header Files</Filter>
    </ClInclude>
    <ClInclude Include="source\GameplayStateFinishWave.h">
      <Filter>Header Files</Filter>
    </ClInclude>
    <ClInclude Include="source\GameplayStatePaused.h">
      <Filter>Header Files</Filter>
    </ClInclude>
    <ClInclude Include="source\GameplayStatePlaying.h">
      <Filter>Header Files</Filter>
    </ClInclude>
    <ClInclude Include="source\EnemyWave.h">
      <Filter>Header Files</Filter>
    </ClInclude>
    <ClInclude Include="source\WaveManager.h">
      <Filter>Header Files</Filter>
    </ClInclude>
    <ClInclude Include="source\WaveFactory.h">
      <Filter>Header Files</Filter>
    </ClInclude>
    <ClInclude Include="source\BubblesWave.h">
      <Filter>Header Files</Filter>
    </ClInclude>
    <ClInclude Include="source\Amoeba.h">
      <Filter>Header Files</Filter>
    </ClInclude>
    <ClInclude Include="source\AmoebaWave.h">
      <Filter>Header Files</Filter>
    </ClInclude>
    <ClInclude Include="source\AngrygonsWave.h">
      <Filter>Header Files</Filter>
    </ClInclude>
    <ClInclude Include="source\AnnoyerWave.h">
      <Filter>Header Files</Filter>
    </ClInclude>
    <ClInclude Include="source\BeholderWave.h">
      <Filter>Header Files</Filter>
    </ClInclude>
    <ClInclude Include="source\BioTitanWave.h">
      <Filter>Header Files</Filter>
    </ClInclude>
    <ClInclude Include="source\ChomperWave.h">
      <Filter>Header Files</Filter>
    </ClInclude>
    <ClInclude Include="source\CirclerWave.h">
      <Filter>Header Files</Filter>
    </ClInclude>
    <ClInclude Include="source\FollowMovement.h">
      <Filter>Header Files</Filter>
    </ClInclude>
    <ClInclude Include="source\HMedusaWave.h">
      <Filter>Header Files</Filter>
    </ClInclude>
    <ClInclude Include="source\IGameplayContext.h">
      <Filter>Header Files</Filter>
    </ClInclude>
    <ClInclude Include="source\KillerWhaleWave.h">
      <Filter>Header Files</Filter>
    </ClInclude>
    <ClInclude Include="source\MissileWave.h">
      <Filter>Header Files</Filter>
    </ClInclude>
    <ClInclude Include="source\NukeWave.h">
      <Filter>Header Files</Filter>
    </ClInclude>
    <ClInclude Include="source\ReuniteMovement.h">
      <Filter>Header Files</Filter>
    </ClInclude>
    <ClInclude Include="source\SpaceBossWave.h">
      <Filter>Header Files</Filter>
    </ClInclude>
    <ClInclude Include="source\SpreadMovement.h">
      <Filter>Header Files</Filter>
    </ClInclude>
    <ClInclude Include="source\TorpedoWave.h">
      <Filter>Header Files</Filter>
    </ClInclude>
    <ClInclude Include="source\TurboChainsawWave.h">
      <Filter>Header Files</Filter>
    </ClInclude>
    <ClInclude Include="source\UfoWave.h">
      <Filter>Header Files</Filter>
    </ClInclude>
    <ClInclude Include="source\VMedusaWave.h">
      <Filter>Header Files</Filter>
    </ClInclude>
    <ClInclude Include="source\WaveMovement.h">
      <Filter>Header Files</Filter>
    </ClInclude>
    <ClInclude Include="source\NameInputScene.h">
      <Filter>Header Files</Filter>
    </ClInclude>
    <ClInclude Include="source\Ranking.h">
      <Filter>Header Files</Filter>
    </ClInclude>
    <ClInclude Include="source\DanielsWave.h">
      <Filter>Header Files</Filter>
    </ClInclude>
    <ClInclude Include="source\LevelManager.h">
      <Filter>Header Files</Filter>
    </ClInclude>
    <ClInclude Include="source\AudioManager.h">
      <Filter>Header Files</Filter>
    </ClInclude>
    <ClInclude Include="source\AtomicWrapper.h">
      <Filter>Header Files</Filter>
    </ClInclude>
    <ClInclude Include="source\AnimatedImageObject.h">
      <Filter>Header Files</Filter>
    </ClInclude>
    <ClInclude Include="source\AnimatedImageRenderer.h">
      <Filter>Header Files</Filter>
    </ClInclude>
    <ClInclude Include="source\Stream.h">
      <Filter>Header Files</Filter>
    </ClInclude>
    <ClInclude Include="source\TestAnimation.h">
      <Filter>Header Files</Filter>
    </ClInclude>
    <ClInclude Include="source\BackgroundDecoration.h">
      <Filter>Header Files</Filter>
    </ClInclude>
    <ClInclude Include="source\BackgroundDecorationSpawner.h">
      <Filter>Header Files</Filter>
    </ClInclude>
  </ItemGroup>
  <ItemGroup>
    <Image Include="resources\bebe.jpg">
      <Filter>Resource Files</Filter>
    </Image>
    <Image Include="resources\caballo.png">
      <Filter>Resource Files</Filter>
    </Image>
    <Image Include="resources\image.png">
      <Filter>Resource Files</Filter>
    </Image>
    <Image Include="resources\pompa.png">
      <Filter>Resource Files</Filter>
    </Image>
    <Image Include="resources\RayoNave.png">
      <Filter>Resource Files</Filter>
    </Image>
    <Image Include="resources\slime.png">
      <Filter>Resource Files</Filter>
    </Image>
    <Image Include="resources\UmaSentimiento.jpg">
      <Filter>Resource Files</Filter>
    </Image>
    <Image Include="resources\VMedusa.png">
      <Filter>Resource Files</Filter>
    </Image>
    <Image Include="resources\Wailord.png">
      <Filter>Resource Files</Filter>
    </Image>
    <Image Include="resources\bat.png">
      <Filter>Resource Files</Filter>
    </Image>
    <Image Include="resources\BillBuster.png">
      <Filter>Resource Files</Filter>
    </Image>
    <Image Include="resources\BulletBill.png">
      <Filter>Resource Files</Filter>
    </Image>
    <Image Include="resources\pacman.png">
      <Filter>Resource Files</Filter>
    </Image>
    <Image Include="resources\pinky.png">
      <Filter>Resource Files</Filter>
    </Image>
    <Image Include="resources\background.jpg">
      <Filter>Resource Files</Filter>
    </Image>
    <Image Include="resources\turret.png">
      <Filter>Resource Files</Filter>
    </Image>
    <Image Include="resources\explosion.png">
      <Filter>Resource Files</Filter>
    </Image>
    <Image Include="resources\annoyer.png">
      <Filter>Resource Files</Filter>
    </Image>
    <Image Include="resources\chainsaw.png">
      <Filter>Resource Files</Filter>
    </Image>
    <Image Include="resources\crab.png">
      <Filter>Resource Files</Filter>
    </Image>
    <Image Include="resources\daniels.png">
      <Filter>Resource Files</Filter>
    </Image>
    <Image Include="resources\missile.png">
      <Filter>Resource Files</Filter>
    </Image>
    <Image Include="resources\Richard.png">
      <Filter>Resource Files</Filter>
    </Image>
    <Image Include="resources\torpedo.png">
      <Filter>Resource Files</Filter>
    </Image>
    <Image Include="resources\ufo.png">
      <Filter>Resource Files</Filter>
    </Image>
    <Image Include="resources\father.png">
      <Filter>Resource Files</Filter>
    </Image>
    <Image Include="resources\powerup_spritesheet.png">
      <Filter>Resource Files</Filter>
    </Image>
  </ItemGroup>
  <ItemGroup>
    <Font Include="resources\fonts\hyperspace.ttf" />
    <Font Include="resources\fonts\cidergum.ttf" />
  </ItemGroup>
  <ItemGroup>
    <Xml Include="level_1.xml" />
    <Xml Include="resources\level_1.xml" />
    <Xml Include="resources\level_2.xml" />
    <Xml Include="resources\ranking.xml" />
  </ItemGroup>
  <ItemGroup>
    <Media Include="resources\audio\sfx\explode10.wav">
      <Filter>Resource Files</Filter>
    </Media>
    <Media Include="resources\audio\sfx\button1.wav">
      <Filter>Resource Files</Filter>
    </Media>
    <Media Include="resources\audio\sfx\defeat.wav">
      <Filter>Resource Files</Filter>
    </Media>
    <Media Include="resources\audio\sfx\pickup_battery.wav">
      <Filter>Resource Files</Filter>
    </Media>
    <Media Include="resources\audio\sfx\LegoYodaDeath.wav">
      <Filter>Resource Files</Filter>
    </Media>
    <Media Include="resources\audio\sfx\sub_select.wav">
      <Filter>Resource Files</Filter>
    </Media>
    <Media Include="resources\audio\sfx\move.wav">
      <Filter>Resource Files</Filter>
    </Media>
    <Media Include="resources\audio\sfx\hit_wall.wav">
      <Filter>Resource Files</Filter>
    </Media>
    <Media Include="resources\audio\sfx\fire1.wav">
      <Filter>Resource Files</Filter>
    </Media>
    <Media Include="resources\audio\sfx\gurp2.wav">
      <Filter>Resource Files</Filter>
    </Media>
    <Media Include="resources\audio\music\GameplayBackground.wav">
      <Filter>Resource Files</Filter>
    </Media>
    <Media Include="resources\audio\music\MenuBackground.wav">
      <Filter>Resource Files</Filter>
    </Media>
    <Media Include="resources\audio\sfx\victory.wav">
      <Filter>Resource Files</Filter>
    </Media>
  </ItemGroup>
</Project>